
Microsoft Visual Studio Solution File, Format Version 12.00
# Visual Studio Version 16
VisualStudioVersion = 16.0.31515.178
MinimumVisualStudioVersion = 10.0.40219.1
Project("{FAE04EC0-301F-11D3-BF4B-00C04F79EFBC}") = "TypicalValeExtraction", "TypicalValeExtraction\TypicalValeExtraction.csproj", "{DB143635-4C6E-4ACC-AAF2-68D226752E9E}"
EndProject
Global
	GlobalSection(SolutionConfigurationPlatforms) = preSolution
		Debug|Any CPU = Debug|Any CPU
		Release|Any CPU = Release|Any CPU
	EndGlobalSection
	GlobalSection(ProjectConfigurationPlatforms) = postSolution
		{DB143635-4C6E-4ACC-AAF2-68D226752E9E}.Debug|Any CPU.ActiveCfg = Debug|Any CPU
		{DB143635-4C6E-4ACC-AAF2-68D226752E9E}.Debug|Any CPU.Build.0 = Debug|Any CPU
		{DB143635-4C6E-4ACC-AAF2-68D226752E9E}.Release|Any CPU.ActiveCfg = Release|Any CPU
		{DB143635-4C6E-4ACC-AAF2-68D226752E9E}.Release|Any CPU.Build.0 = Release|Any CPU
	EndGlobalSection
	GlobalSection(SolutionProperties) = preSolution
		HideSolutionNode = FALSE
	EndGlobalSection
	GlobalSection(ExtensibilityGlobals) = postSolution
		SolutionGuid = {6836705A-0D4D-42F0-8D1D-A44CFCE64797}
	EndGlobalSection
EndGlobal
